
Microsoft Visual Studio Solution File, Format Version 12.00
# Visual Studio Version 16
VisualStudioVersion = 16.0.29409.12
MinimumVisualStudioVersion = 10.0.40219.1
Project("{FAE04EC0-301F-11D3-BF4B-00C04F79EFBC}") = "Creazione100Bgw", "Creazione100Bgw.csproj", "{F8CD05ED-7CB0-49DB-832E-47F8646613A0}"
EndProject
Global
	GlobalSection(SolutionConfigurationPlatforms) = preSolution
		Debug|Any CPU = Debug|Any CPU
		Release|Any CPU = Release|Any CPU
	EndGlobalSection
	GlobalSection(ProjectConfigurationPlatforms) = postSolution
		{F8CD05ED-7CB0-49DB-832E-47F8646613A0}.Debug|Any CPU.ActiveCfg = Debug|Any CPU
		{F8CD05ED-7CB0-49DB-832E-47F8646613A0}.Debug|Any CPU.Build.0 = Debug|Any CPU
		{F8CD05ED-7CB0-49DB-832E-47F8646613A0}.Release|Any CPU.ActiveCfg = Release|Any CPU
		{F8CD05ED-7CB0-49DB-832E-47F8646613A0}.Release|Any CPU.Build.0 = Release|Any CPU
	EndGlobalSection
	GlobalSection(SolutionProperties) = preSolution
		HideSolutionNode = FALSE
	EndGlobalSection
	GlobalSection(ExtensibilityGlobals) = postSolution
		SolutionGuid = {2341CF4A-CFAE-4C8B-B804-B8E69BFF5A67}
	EndGlobalSection
EndGlobal
